// !$*UTF8*$!
{
	archiveVersion = 1;
	classes = {
	};
	objectVersion = 46;
	objects = {

/* Begin PBXBuildFile section */
		7B24D7A21A1AD1E0001F2236 /* main.m in Sources */ = {isa = PBXBuildFile; fileRef = 7B24D7A11A1AD1E0001F2236 /* main.m */; };
		7B24D7A51A1AD1E0001F2236 /* AppDelegate.m in Sources */ = {isa = PBXBuildFile; fileRef = 7B24D7A41A1AD1E0001F2236 /* AppDelegate.m */; };
		7B24D7A81A1AD1E0001F2236 /* Phojo.xcdatamodeld in Sources */ = {isa = PBXBuildFile; fileRef = 7B24D7A61A1AD1E0001F2236 /* Phojo.xcdatamodeld */; };
		7B24D7AB1A1AD1E0001F2236 /* JVAFeedViewController.m in Sources */ = {isa = PBXBuildFile; fileRef = 7B24D7AA1A1AD1E0001F2236 /* JVAFeedViewController.m */; };
		7B24D7AE1A1AD1E0001F2236 /* Main.storyboard in Resources */ = {isa = PBXBuildFile; fileRef = 7B24D7AC1A1AD1E0001F2236 /* Main.storyboard */; };
		7B24D7B01A1AD1E0001F2236 /* Images.xcassets in Resources */ = {isa = PBXBuildFile; fileRef = 7B24D7AF1A1AD1E0001F2236 /* Images.xcassets */; };
		7B24D7B31A1AD1E0001F2236 /* LaunchScreen.xib in Resources */ = {isa = PBXBuildFile; fileRef = 7B24D7B11A1AD1E0001F2236 /* LaunchScreen.xib */; };
		7B24D7BF1A1AD1E0001F2236 /* PhojoTests.m in Sources */ = {isa = PBXBuildFile; fileRef = 7B24D7BE1A1AD1E0001F2236 /* PhojoTests.m */; };
		8D0C9C541A1AD7D3006E7F0C /* JVACommentViewController.m in Sources */ = {isa = PBXBuildFile; fileRef = 8D0C9C531A1AD7D3006E7F0C /* JVACommentViewController.m */; };
		8D0C9C571A1AD835006E7F0C /* JVAProfileViewController.m in Sources */ = {isa = PBXBuildFile; fileRef = 8D0C9C561A1AD835006E7F0C /* JVAProfileViewController.m */; };
		8D0C9C5A1A1AD868006E7F0C /* JVAUploadViewController.m in Sources */ = {isa = PBXBuildFile; fileRef = 8D0C9C591A1AD868006E7F0C /* JVAUploadViewController.m */; };
		8D0C9C5D1A1AD87C006E7F0C /* JVAUserListViewController.m in Sources */ = {isa = PBXBuildFile; fileRef = 8D0C9C5C1A1AD87C006E7F0C /* JVAUserListViewController.m */; };
		8D0C9C601A1ADE90006E7F0C /* JVAPhotoCollectionViewCell.m in Sources */ = {isa = PBXBuildFile; fileRef = 8D0C9C5F1A1ADE90006E7F0C /* JVAPhotoCollectionViewCell.m */; };
		8D0C9C631A1ADEDF006E7F0C /* JVAPostDetailCollectionViewCell.m in Sources */ = {isa = PBXBuildFile; fileRef = 8D0C9C621A1ADEDF006E7F0C /* JVAPostDetailCollectionViewCell.m */; };
		8D0C9C671A1B0065006E7F0C /* Bolts.framework in Frameworks */ = {isa = PBXBuildFile; fileRef = 8D0C9C651A1B0065006E7F0C /* Bolts.framework */; };
		8D0C9C681A1B0065006E7F0C /* Parse.framework in Frameworks */ = {isa = PBXBuildFile; fileRef = 8D0C9C661A1B0065006E7F0C /* Parse.framework */; };
		8D0C9C6A1A1B0083006E7F0C /* Accounts.framework in Frameworks */ = {isa = PBXBuildFile; fileRef = 8D0C9C691A1B0083006E7F0C /* Accounts.framework */; };
		8D0C9C6C1A1B008A006E7F0C /* AdSupport.framework in Frameworks */ = {isa = PBXBuildFile; fileRef = 8D0C9C6B1A1B008A006E7F0C /* AdSupport.framework */; };
		8D0C9C6E1A1B0092006E7F0C /* Social.framework in Frameworks */ = {isa = PBXBuildFile; fileRef = 8D0C9C6D1A1B0092006E7F0C /* Social.framework */; };
		8D0C9C701A1B009D006E7F0C /* SystemConfiguration.framework in Frameworks */ = {isa = PBXBuildFile; fileRef = 8D0C9C6F1A1B009D006E7F0C /* SystemConfiguration.framework */; };
		8D0C9C721A1B00A4006E7F0C /* StoreKit.framework in Frameworks */ = {isa = PBXBuildFile; fileRef = 8D0C9C711A1B00A4006E7F0C /* StoreKit.framework */; };
		8D0C9C741A1B00AC006E7F0C /* Security.framework in Frameworks */ = {isa = PBXBuildFile; fileRef = 8D0C9C731A1B00AC006E7F0C /* Security.framework */; };
		8D0C9C761A1B00CC006E7F0C /* QuartzCore.framework in Frameworks */ = {isa = PBXBuildFile; fileRef = 8D0C9C751A1B00CC006E7F0C /* QuartzCore.framework */; };
		8D0C9C781A1B00E6006E7F0C /* MobileCoreServices.framework in Frameworks */ = {isa = PBXBuildFile; fileRef = 8D0C9C771A1B00E6006E7F0C /* MobileCoreServices.framework */; };
		8D3F54301A1B0C5E00FB0CF7 /* libz.dylib in Frameworks */ = {isa = PBXBuildFile; fileRef = 8D3F542F1A1B0C5E00FB0CF7 /* libz.dylib */; };
		8D3F54321A1B0C6600FB0CF7 /* CoreLocation.framework in Frameworks */ = {isa = PBXBuildFile; fileRef = 8D3F54311A1B0C6600FB0CF7 /* CoreLocation.framework */; };
		8D3F54341A1B0C7C00FB0CF7 /* CoreGraphics.framework in Frameworks */ = {isa = PBXBuildFile; fileRef = 8D3F54331A1B0C7C00FB0CF7 /* CoreGraphics.framework */; };
		8D3F54361A1B0C8800FB0CF7 /* CFNetwork.framework in Frameworks */ = {isa = PBXBuildFile; fileRef = 8D3F54351A1B0C8800FB0CF7 /* CFNetwork.framework */; };
		8D3F54381A1B0C9000FB0CF7 /* AudioToolbox.framework in Frameworks */ = {isa = PBXBuildFile; fileRef = 8D3F54371A1B0C9000FB0CF7 /* AudioToolbox.framework */; };
		8D3F543B1A1B23F900FB0CF7 /* JVAThumbnailCollectionViewCell.m in Sources */ = {isa = PBXBuildFile; fileRef = 8D3F543A1A1B23F900FB0CF7 /* JVAThumbnailCollectionViewCell.m */; };
		8DC3BED51A1C01AC00F29E08 /* Phojer.m in Sources */ = {isa = PBXBuildFile; fileRef = 8DC3BED41A1C01AC00F29E08 /* Phojer.m */; };
		8DC3BED91A1C01E000F29E08 /* Post.m in Sources */ = {isa = PBXBuildFile; fileRef = 8DC3BED81A1C01E000F29E08 /* Post.m */; };
		8DC3BEDC1A1C01E500F29E08 /* Photo.m in Sources */ = {isa = PBXBuildFile; fileRef = 8DC3BEDB1A1C01E500F29E08 /* Photo.m */; };
		8DC3BEDF1A1C01EF00F29E08 /* Comment.m in Sources */ = {isa = PBXBuildFile; fileRef = 8DC3BEDE1A1C01EF00F29E08 /* Comment.m */; };
/* End PBXBuildFile section */

/* Begin PBXContainerItemProxy section */
		7B24D7B91A1AD1E0001F2236 /* PBXContainerItemProxy */ = {
			isa = PBXContainerItemProxy;
			containerPortal = 7B24D7941A1AD1E0001F2236 /* Project object */;
			proxyType = 1;
			remoteGlobalIDString = 7B24D79B1A1AD1E0001F2236;
			remoteInfo = Phojo;
		};
/* End PBXContainerItemProxy section */

/* Begin PBXFileReference section */
		7B24D79C1A1AD1E0001F2236 /* Phojo.app */ = {isa = PBXFileReference; explicitFileType = wrapper.application; includeInIndex = 0; path = Phojo.app; sourceTree = BUILT_PRODUCTS_DIR; };
		7B24D7A01A1AD1E0001F2236 /* Info.plist */ = {isa = PBXFileReference; lastKnownFileType = text.plist.xml; path = Info.plist; sourceTree = "<group>"; };
		7B24D7A11A1AD1E0001F2236 /* main.m */ = {isa = PBXFileReference; lastKnownFileType = sourcecode.c.objc; path = main.m; sourceTree = "<group>"; };
		7B24D7A31A1AD1E0001F2236 /* AppDelegate.h */ = {isa = PBXFileReference; lastKnownFileType = sourcecode.c.h; path = AppDelegate.h; sourceTree = "<group>"; };
		7B24D7A41A1AD1E0001F2236 /* AppDelegate.m */ = {isa = PBXFileReference; lastKnownFileType = sourcecode.c.objc; path = AppDelegate.m; sourceTree = "<group>"; };
		7B24D7A71A1AD1E0001F2236 /* Phojo.xcdatamodel */ = {isa = PBXFileReference; lastKnownFileType = wrapper.xcdatamodel; path = Phojo.xcdatamodel; sourceTree = "<group>"; };
		7B24D7A91A1AD1E0001F2236 /* JVAFeedViewController.h */ = {isa = PBXFileReference; lastKnownFileType = sourcecode.c.h; path = JVAFeedViewController.h; sourceTree = "<group>"; };
		7B24D7AA1A1AD1E0001F2236 /* JVAFeedViewController.m */ = {isa = PBXFileReference; lastKnownFileType = sourcecode.c.objc; path = JVAFeedViewController.m; sourceTree = "<group>"; };
		7B24D7AD1A1AD1E0001F2236 /* Base */ = {isa = PBXFileReference; lastKnownFileType = file.storyboard; name = Base; path = Base.lproj/Main.storyboard; sourceTree = "<group>"; };
		7B24D7AF1A1AD1E0001F2236 /* Images.xcassets */ = {isa = PBXFileReference; lastKnownFileType = folder.assetcatalog; path = Images.xcassets; sourceTree = "<group>"; };
		7B24D7B21A1AD1E0001F2236 /* Base */ = {isa = PBXFileReference; lastKnownFileType = file.xib; name = Base; path = Base.lproj/LaunchScreen.xib; sourceTree = "<group>"; };
		7B24D7B81A1AD1E0001F2236 /* PhojoTests.xctest */ = {isa = PBXFileReference; explicitFileType = wrapper.cfbundle; includeInIndex = 0; path = PhojoTests.xctest; sourceTree = BUILT_PRODUCTS_DIR; };
		7B24D7BD1A1AD1E0001F2236 /* Info.plist */ = {isa = PBXFileReference; lastKnownFileType = text.plist.xml; path = Info.plist; sourceTree = "<group>"; };
		7B24D7BE1A1AD1E0001F2236 /* PhojoTests.m */ = {isa = PBXFileReference; lastKnownFileType = sourcecode.c.objc; path = PhojoTests.m; sourceTree = "<group>"; };
		8D0C9C521A1AD7D3006E7F0C /* JVACommentViewController.h */ = {isa = PBXFileReference; fileEncoding = 4; lastKnownFileType = sourcecode.c.h; name = JVACommentViewController.h; path = ../JVACommentViewController.h; sourceTree = "<group>"; };
		8D0C9C531A1AD7D3006E7F0C /* JVACommentViewController.m */ = {isa = PBXFileReference; fileEncoding = 4; lastKnownFileType = sourcecode.c.objc; name = JVACommentViewController.m; path = ../JVACommentViewController.m; sourceTree = "<group>"; };
		8D0C9C551A1AD835006E7F0C /* JVAProfileViewController.h */ = {isa = PBXFileReference; fileEncoding = 4; lastKnownFileType = sourcecode.c.h; name = JVAProfileViewController.h; path = ../JVAProfileViewController.h; sourceTree = "<group>"; };
		8D0C9C561A1AD835006E7F0C /* JVAProfileViewController.m */ = {isa = PBXFileReference; fileEncoding = 4; lastKnownFileType = sourcecode.c.objc; name = JVAProfileViewController.m; path = ../JVAProfileViewController.m; sourceTree = "<group>"; };
		8D0C9C581A1AD868006E7F0C /* JVAUploadViewController.h */ = {isa = PBXFileReference; fileEncoding = 4; lastKnownFileType = sourcecode.c.h; name = JVAUploadViewController.h; path = ../JVAUploadViewController.h; sourceTree = "<group>"; };
		8D0C9C591A1AD868006E7F0C /* JVAUploadViewController.m */ = {isa = PBXFileReference; fileEncoding = 4; lastKnownFileType = sourcecode.c.objc; name = JVAUploadViewController.m; path = ../JVAUploadViewController.m; sourceTree = "<group>"; };
		8D0C9C5B1A1AD87C006E7F0C /* JVAUserListViewController.h */ = {isa = PBXFileReference; fileEncoding = 4; lastKnownFileType = sourcecode.c.h; path = JVAUserListViewController.h; sourceTree = "<group>"; };
		8D0C9C5C1A1AD87C006E7F0C /* JVAUserListViewController.m */ = {isa = PBXFileReference; fileEncoding = 4; lastKnownFileType = sourcecode.c.objc; path = JVAUserListViewController.m; sourceTree = "<group>"; };
		8D0C9C5E1A1ADE90006E7F0C /* JVAPhotoCollectionViewCell.h */ = {isa = PBXFileReference; fileEncoding = 4; lastKnownFileType = sourcecode.c.h; name = JVAPhotoCollectionViewCell.h; path = ../JVAPhotoCollectionViewCell.h; sourceTree = "<group>"; };
		8D0C9C5F1A1ADE90006E7F0C /* JVAPhotoCollectionViewCell.m */ = {isa = PBXFileReference; fileEncoding = 4; lastKnownFileType = sourcecode.c.objc; name = JVAPhotoCollectionViewCell.m; path = ../JVAPhotoCollectionViewCell.m; sourceTree = "<group>"; };
		8D0C9C611A1ADEDF006E7F0C /* JVAPostDetailCollectionViewCell.h */ = {isa = PBXFileReference; fileEncoding = 4; lastKnownFileType = sourcecode.c.h; path = JVAPostDetailCollectionViewCell.h; sourceTree = "<group>"; };
		8D0C9C621A1ADEDF006E7F0C /* JVAPostDetailCollectionViewCell.m */ = {isa = PBXFileReference; fileEncoding = 4; lastKnownFileType = sourcecode.c.objc; path = JVAPostDetailCollectionViewCell.m; sourceTree = "<group>"; };
		8D0C9C651A1B0065006E7F0C /* Bolts.framework */ = {isa = PBXFileReference; lastKnownFileType = wrapper.framework; path = Bolts.framework; sourceTree = "<group>"; };
		8D0C9C661A1B0065006E7F0C /* Parse.framework */ = {isa = PBXFileReference; lastKnownFileType = wrapper.framework; path = Parse.framework; sourceTree = "<group>"; };
		8D0C9C691A1B0083006E7F0C /* Accounts.framework */ = {isa = PBXFileReference; lastKnownFileType = wrapper.framework; name = Accounts.framework; path = System/Library/Frameworks/Accounts.framework; sourceTree = SDKROOT; };
		8D0C9C6B1A1B008A006E7F0C /* AdSupport.framework */ = {isa = PBXFileReference; lastKnownFileType = wrapper.framework; name = AdSupport.framework; path = System/Library/Frameworks/AdSupport.framework; sourceTree = SDKROOT; };
		8D0C9C6D1A1B0092006E7F0C /* Social.framework */ = {isa = PBXFileReference; lastKnownFileType = wrapper.framework; name = Social.framework; path = System/Library/Frameworks/Social.framework; sourceTree = SDKROOT; };
		8D0C9C6F1A1B009D006E7F0C /* SystemConfiguration.framework */ = {isa = PBXFileReference; lastKnownFileType = wrapper.framework; name = SystemConfiguration.framework; path = System/Library/Frameworks/SystemConfiguration.framework; sourceTree = SDKROOT; };
		8D0C9C711A1B00A4006E7F0C /* StoreKit.framework */ = {isa = PBXFileReference; lastKnownFileType = wrapper.framework; name = StoreKit.framework; path = System/Library/Frameworks/StoreKit.framework; sourceTree = SDKROOT; };
		8D0C9C731A1B00AC006E7F0C /* Security.framework */ = {isa = PBXFileReference; lastKnownFileType = wrapper.framework; name = Security.framework; path = System/Library/Frameworks/Security.framework; sourceTree = SDKROOT; };
		8D0C9C751A1B00CC006E7F0C /* QuartzCore.framework */ = {isa = PBXFileReference; lastKnownFileType = wrapper.framework; name = QuartzCore.framework; path = System/Library/Frameworks/QuartzCore.framework; sourceTree = SDKROOT; };
		8D0C9C771A1B00E6006E7F0C /* MobileCoreServices.framework */ = {isa = PBXFileReference; lastKnownFileType = wrapper.framework; name = MobileCoreServices.framework; path = System/Library/Frameworks/MobileCoreServices.framework; sourceTree = SDKROOT; };
		8D3F542F1A1B0C5E00FB0CF7 /* libz.dylib */ = {isa = PBXFileReference; lastKnownFileType = "compiled.mach-o.dylib"; name = libz.dylib; path = usr/lib/libz.dylib; sourceTree = SDKROOT; };
		8D3F54311A1B0C6600FB0CF7 /* CoreLocation.framework */ = {isa = PBXFileReference; lastKnownFileType = wrapper.framework; name = CoreLocation.framework; path = System/Library/Frameworks/CoreLocation.framework; sourceTree = SDKROOT; };
		8D3F54331A1B0C7C00FB0CF7 /* CoreGraphics.framework */ = {isa = PBXFileReference; lastKnownFileType = wrapper.framework; name = CoreGraphics.framework; path = System/Library/Frameworks/CoreGraphics.framework; sourceTree = SDKROOT; };
		8D3F54351A1B0C8800FB0CF7 /* CFNetwork.framework */ = {isa = PBXFileReference; lastKnownFileType = wrapper.framework; name = CFNetwork.framework; path = System/Library/Frameworks/CFNetwork.framework; sourceTree = SDKROOT; };
		8D3F54371A1B0C9000FB0CF7 /* AudioToolbox.framework */ = {isa = PBXFileReference; lastKnownFileType = wrapper.framework; name = AudioToolbox.framework; path = System/Library/Frameworks/AudioToolbox.framework; sourceTree = SDKROOT; };
		8D3F54391A1B23F900FB0CF7 /* JVAThumbnailCollectionViewCell.h */ = {isa = PBXFileReference; fileEncoding = 4; lastKnownFileType = sourcecode.c.h; path = JVAThumbnailCollectionViewCell.h; sourceTree = "<group>"; };
		8D3F543A1A1B23F900FB0CF7 /* JVAThumbnailCollectionViewCell.m */ = {isa = PBXFileReference; fileEncoding = 4; lastKnownFileType = sourcecode.c.objc; path = JVAThumbnailCollectionViewCell.m; sourceTree = "<group>"; };
		8DC3BED31A1C01AC00F29E08 /* Phojer.h */ = {isa = PBXFileReference; fileEncoding = 4; lastKnownFileType = sourcecode.c.h; path = Phojer.h; sourceTree = "<group>"; };
		8DC3BED41A1C01AC00F29E08 /* Phojer.m */ = {isa = PBXFileReference; fileEncoding = 4; lastKnownFileType = sourcecode.c.objc; path = Phojer.m; sourceTree = "<group>"; };
		8DC3BED71A1C01E000F29E08 /* Post.h */ = {isa = PBXFileReference; fileEncoding = 4; lastKnownFileType = sourcecode.c.h; path = Post.h; sourceTree = "<group>"; };
		8DC3BED81A1C01E000F29E08 /* Post.m */ = {isa = PBXFileReference; fileEncoding = 4; lastKnownFileType = sourcecode.c.objc; path = Post.m; sourceTree = "<group>"; };
		8DC3BEDA1A1C01E500F29E08 /* Photo.h */ = {isa = PBXFileReference; fileEncoding = 4; lastKnownFileType = sourcecode.c.h; path = Photo.h; sourceTree = "<group>"; };
		8DC3BEDB1A1C01E500F29E08 /* Photo.m */ = {isa = PBXFileReference; fileEncoding = 4; lastKnownFileType = sourcecode.c.objc; path = Photo.m; sourceTree = "<group>"; };
		8DC3BEDD1A1C01EF00F29E08 /* Comment.h */ = {isa = PBXFileReference; fileEncoding = 4; lastKnownFileType = sourcecode.c.h; path = Comment.h; sourceTree = "<group>"; };
		8DC3BEDE1A1C01EF00F29E08 /* Comment.m */ = {isa = PBXFileReference; fileEncoding = 4; lastKnownFileType = sourcecode.c.objc; path = Comment.m; sourceTree = "<group>"; };
/* End PBXFileReference section */

/* Begin PBXFrameworksBuildPhase section */
		7B24D7991A1AD1E0001F2236 /* Frameworks */ = {
			isa = PBXFrameworksBuildPhase;
			buildActionMask = 2147483647;
			files = (
				8D3F54381A1B0C9000FB0CF7 /* AudioToolbox.framework in Frameworks */,
				8D3F54361A1B0C8800FB0CF7 /* CFNetwork.framework in Frameworks */,
				8D3F54341A1B0C7C00FB0CF7 /* CoreGraphics.framework in Frameworks */,
				8D3F54321A1B0C6600FB0CF7 /* CoreLocation.framework in Frameworks */,
				8D3F54301A1B0C5E00FB0CF7 /* libz.dylib in Frameworks */,
				8D0C9C781A1B00E6006E7F0C /* MobileCoreServices.framework in Frameworks */,
				8D0C9C761A1B00CC006E7F0C /* QuartzCore.framework in Frameworks */,
				8D0C9C741A1B00AC006E7F0C /* Security.framework in Frameworks */,
				8D0C9C721A1B00A4006E7F0C /* StoreKit.framework in Frameworks */,
				8D0C9C701A1B009D006E7F0C /* SystemConfiguration.framework in Frameworks */,
				8D0C9C6E1A1B0092006E7F0C /* Social.framework in Frameworks */,
				8D0C9C6C1A1B008A006E7F0C /* AdSupport.framework in Frameworks */,
				8D0C9C6A1A1B0083006E7F0C /* Accounts.framework in Frameworks */,
				8D0C9C681A1B0065006E7F0C /* Parse.framework in Frameworks */,
				8D0C9C671A1B0065006E7F0C /* Bolts.framework in Frameworks */,
			);
			runOnlyForDeploymentPostprocessing = 0;
		};
		7B24D7B51A1AD1E0001F2236 /* Frameworks */ = {
			isa = PBXFrameworksBuildPhase;
			buildActionMask = 2147483647;
			files = (
			);
			runOnlyForDeploymentPostprocessing = 0;
		};
/* End PBXFrameworksBuildPhase section */

/* Begin PBXGroup section */
		7B24D7931A1AD1E0001F2236 = {
			isa = PBXGroup;
			children = (
				7B24D7AC1A1AD1E0001F2236 /* Main.storyboard */,
				7B24D79E1A1AD1E0001F2236 /* Phojo */,
				8D0C9C641A1B0045006E7F0C /* Frameworks */,
				7B24D7BB1A1AD1E0001F2236 /* PhojoTests */,
				7B24D79D1A1AD1E0001F2236 /* Products */,
			);
			sourceTree = "<group>";
		};
		7B24D79D1A1AD1E0001F2236 /* Products */ = {
			isa = PBXGroup;
			children = (
				7B24D79C1A1AD1E0001F2236 /* Phojo.app */,
				7B24D7B81A1AD1E0001F2236 /* PhojoTests.xctest */,
			);
			name = Products;
			sourceTree = "<group>";
		};
		7B24D79E1A1AD1E0001F2236 /* Phojo */ = {
			isa = PBXGroup;
			children = (
				7B24D7A31A1AD1E0001F2236 /* AppDelegate.h */,
				7B24D7A41A1AD1E0001F2236 /* AppDelegate.m */,
				7B24D7A91A1AD1E0001F2236 /* JVAFeedViewController.h */,
				7B24D7AA1A1AD1E0001F2236 /* JVAFeedViewController.m */,
				8D0C9C521A1AD7D3006E7F0C /* JVACommentViewController.h */,
				8D0C9C531A1AD7D3006E7F0C /* JVACommentViewController.m */,
				8D0C9C551A1AD835006E7F0C /* JVAProfileViewController.h */,
				8D0C9C561A1AD835006E7F0C /* JVAProfileViewController.m */,
				8D0C9C581A1AD868006E7F0C /* JVAUploadViewController.h */,
				8D0C9C591A1AD868006E7F0C /* JVAUploadViewController.m */,
				8D0C9C5B1A1AD87C006E7F0C /* JVAUserListViewController.h */,
				8D0C9C5C1A1AD87C006E7F0C /* JVAUserListViewController.m */,
				8D0C9C5E1A1ADE90006E7F0C /* JVAPhotoCollectionViewCell.h */,
				8D0C9C5F1A1ADE90006E7F0C /* JVAPhotoCollectionViewCell.m */,
				8D0C9C611A1ADEDF006E7F0C /* JVAPostDetailCollectionViewCell.h */,
				8D0C9C621A1ADEDF006E7F0C /* JVAPostDetailCollectionViewCell.m */,
				8D3F54391A1B23F900FB0CF7 /* JVAThumbnailCollectionViewCell.h */,
				8D3F543A1A1B23F900FB0CF7 /* JVAThumbnailCollectionViewCell.m */,
				7B24D7AF1A1AD1E0001F2236 /* Images.xcassets */,
				7B24D7B11A1AD1E0001F2236 /* LaunchScreen.xib */,
				7B24D7A61A1AD1E0001F2236 /* Phojo.xcdatamodeld */,
				8DC3BED61A1C01B600F29E08 /* Model */,
				7B24D79F1A1AD1E0001F2236 /* Supporting Files */,
			);
			path = Phojo;
			sourceTree = "<group>";
		};
		7B24D79F1A1AD1E0001F2236 /* Supporting Files */ = {
			isa = PBXGroup;
			children = (
				7B24D7A01A1AD1E0001F2236 /* Info.plist */,
				7B24D7A11A1AD1E0001F2236 /* main.m */,
			);
			name = "Supporting Files";
			sourceTree = "<group>";
		};
		7B24D7BB1A1AD1E0001F2236 /* PhojoTests */ = {
			isa = PBXGroup;
			children = (
				7B24D7BE1A1AD1E0001F2236 /* PhojoTests.m */,
				7B24D7BC1A1AD1E0001F2236 /* Supporting Files */,
			);
			path = PhojoTests;
			sourceTree = "<group>";
		};
		7B24D7BC1A1AD1E0001F2236 /* Supporting Files */ = {
			isa = PBXGroup;
			children = (
				7B24D7BD1A1AD1E0001F2236 /* Info.plist */,
			);
			name = "Supporting Files";
			sourceTree = "<group>";
		};
		8D0C9C641A1B0045006E7F0C /* Frameworks */ = {
			isa = PBXGroup;
			children = (
				8D3F54371A1B0C9000FB0CF7 /* AudioToolbox.framework */,
				8D3F54351A1B0C8800FB0CF7 /* CFNetwork.framework */,
				8D3F54331A1B0C7C00FB0CF7 /* CoreGraphics.framework */,
				8D3F54311A1B0C6600FB0CF7 /* CoreLocation.framework */,
				8D3F542F1A1B0C5E00FB0CF7 /* libz.dylib */,
				8D0C9C771A1B00E6006E7F0C /* MobileCoreServices.framework */,
				8D0C9C751A1B00CC006E7F0C /* QuartzCore.framework */,
				8D0C9C731A1B00AC006E7F0C /* Security.framework */,
				8D0C9C711A1B00A4006E7F0C /* StoreKit.framework */,
				8D0C9C6F1A1B009D006E7F0C /* SystemConfiguration.framework */,
				8D0C9C6D1A1B0092006E7F0C /* Social.framework */,
				8D0C9C6B1A1B008A006E7F0C /* AdSupport.framework */,
				8D0C9C691A1B0083006E7F0C /* Accounts.framework */,
				8D0C9C651A1B0065006E7F0C /* Bolts.framework */,
				8D0C9C661A1B0065006E7F0C /* Parse.framework */,
			);
			name = Frameworks;
			path = Phojo;
			sourceTree = "<group>";
		};
		8DC3BED61A1C01B600F29E08 /* Model */ = {
			isa = PBXGroup;
			children = (
				8DC3BED31A1C01AC00F29E08 /* Phojer.h */,
				8DC3BED41A1C01AC00F29E08 /* Phojer.m */,
				8DC3BED71A1C01E000F29E08 /* Post.h */,
				8DC3BED81A1C01E000F29E08 /* Post.m */,
				8DC3BEDA1A1C01E500F29E08 /* Photo.h */,
				8DC3BEDB1A1C01E500F29E08 /* Photo.m */,
				8DC3BEDD1A1C01EF00F29E08 /* Comment.h */,
				8DC3BEDE1A1C01EF00F29E08 /* Comment.m */,
			);
			name = Model;
			sourceTree = "<group>";
		};
/* End PBXGroup section */

/* Begin PBXNativeTarget section */
		7B24D79B1A1AD1E0001F2236 /* Phojo */ = {
			isa = PBXNativeTarget;
			buildConfigurationList = 7B24D7C21A1AD1E0001F2236 /* Build configuration list for PBXNativeTarget "Phojo" */;
			buildPhases = (
				7B24D7981A1AD1E0001F2236 /* Sources */,
				7B24D7991A1AD1E0001F2236 /* Frameworks */,
				7B24D79A1A1AD1E0001F2236 /* Resources */,
			);
			buildRules = (
			);
			dependencies = (
			);
			name = Phojo;
			productName = Phojo;
			productReference = 7B24D79C1A1AD1E0001F2236 /* Phojo.app */;
			productType = "com.apple.product-type.application";
		};
		7B24D7B71A1AD1E0001F2236 /* PhojoTests */ = {
			isa = PBXNativeTarget;
			buildConfigurationList = 7B24D7C51A1AD1E0001F2236 /* Build configuration list for PBXNativeTarget "PhojoTests" */;
			buildPhases = (
				7B24D7B41A1AD1E0001F2236 /* Sources */,
				7B24D7B51A1AD1E0001F2236 /* Frameworks */,
				7B24D7B61A1AD1E0001F2236 /* Resources */,
			);
			buildRules = (
			);
			dependencies = (
				7B24D7BA1A1AD1E0001F2236 /* PBXTargetDependency */,
			);
			name = PhojoTests;
			productName = PhojoTests;
			productReference = 7B24D7B81A1AD1E0001F2236 /* PhojoTests.xctest */;
			productType = "com.apple.product-type.bundle.unit-test";
		};
/* End PBXNativeTarget section */

/* Begin PBXProject section */
		7B24D7941A1AD1E0001F2236 /* Project object */ = {
			isa = PBXProject;
			attributes = {
				LastUpgradeCheck = 0610;
				ORGANIZATIONNAME = "Jonathan Chou";
				TargetAttributes = {
					7B24D79B1A1AD1E0001F2236 = {
						CreatedOnToolsVersion = 6.1;
					};
					7B24D7B71A1AD1E0001F2236 = {
						CreatedOnToolsVersion = 6.1;
						TestTargetID = 7B24D79B1A1AD1E0001F2236;
					};
				};
			};
			buildConfigurationList = 7B24D7971A1AD1E0001F2236 /* Build configuration list for PBXProject "Phojo" */;
			compatibilityVersion = "Xcode 3.2";
			developmentRegion = English;
			hasScannedForEncodings = 0;
			knownRegions = (
				en,
				Base,
			);
			mainGroup = 7B24D7931A1AD1E0001F2236;
			productRefGroup = 7B24D79D1A1AD1E0001F2236 /* Products */;
			projectDirPath = "";
			projectRoot = "";
			targets = (
				7B24D79B1A1AD1E0001F2236 /* Phojo */,
				7B24D7B71A1AD1E0001F2236 /* PhojoTests */,
			);
		};
/* End PBXProject section */

/* Begin PBXResourcesBuildPhase section */
		7B24D79A1A1AD1E0001F2236 /* Resources */ = {
			isa = PBXResourcesBuildPhase;
			buildActionMask = 2147483647;
			files = (
				7B24D7AE1A1AD1E0001F2236 /* Main.storyboard in Resources */,
				7B24D7B31A1AD1E0001F2236 /* LaunchScreen.xib in Resources */,
				7B24D7B01A1AD1E0001F2236 /* Images.xcassets in Resources */,
			);
			runOnlyForDeploymentPostprocessing = 0;
		};
		7B24D7B61A1AD1E0001F2236 /* Resources */ = {
			isa = PBXResourcesBuildPhase;
			buildActionMask = 2147483647;
			files = (
			);
			runOnlyForDeploymentPostprocessing = 0;
		};
/* End PBXResourcesBuildPhase section */

/* Begin PBXSourcesBuildPhase section */
		7B24D7981A1AD1E0001F2236 /* Sources */ = {
			isa = PBXSourcesBuildPhase;
			buildActionMask = 2147483647;
			files = (
				8DC3BEDC1A1C01E500F29E08 /* Photo.m in Sources */,
				8DC3BED91A1C01E000F29E08 /* Post.m in Sources */,
				8D0C9C601A1ADE90006E7F0C /* JVAPhotoCollectionViewCell.m in Sources */,
				8D0C9C5A1A1AD868006E7F0C /* JVAUploadViewController.m in Sources */,
				7B24D7A81A1AD1E0001F2236 /* Phojo.xcdatamodeld in Sources */,
				7B24D7A51A1AD1E0001F2236 /* AppDelegate.m in Sources */,
				7B24D7AB1A1AD1E0001F2236 /* JVAFeedViewController.m in Sources */,
				7B24D7A21A1AD1E0001F2236 /* main.m in Sources */,
				8D3F543B1A1B23F900FB0CF7 /* JVAThumbnailCollectionViewCell.m in Sources */,
				8DC3BED51A1C01AC00F29E08 /* Phojer.m in Sources */,
				8D0C9C5D1A1AD87C006E7F0C /* JVAUserListViewController.m in Sources */,
				8D0C9C631A1ADEDF006E7F0C /* JVAPostDetailCollectionViewCell.m in Sources */,
				8D0C9C571A1AD835006E7F0C /* JVAProfileViewController.m in Sources */,
				8DC3BEDF1A1C01EF00F29E08 /* Comment.m in Sources */,
				8D0C9C541A1AD7D3006E7F0C /* JVACommentViewController.m in Sources */,
			);
			runOnlyForDeploymentPostprocessing = 0;
		};
		7B24D7B41A1AD1E0001F2236 /* Sources */ = {
			isa = PBXSourcesBuildPhase;
			buildActionMask = 2147483647;
			files = (
				7B24D7BF1A1AD1E0001F2236 /* PhojoTests.m in Sources */,
			);
			runOnlyForDeploymentPostprocessing = 0;
		};
/* End PBXSourcesBuildPhase section */

/* Begin PBXTargetDependency section */
		7B24D7BA1A1AD1E0001F2236 /* PBXTargetDependency */ = {
			isa = PBXTargetDependency;
			target = 7B24D79B1A1AD1E0001F2236 /* Phojo */;
			targetProxy = 7B24D7B91A1AD1E0001F2236 /* PBXContainerItemProxy */;
		};
/* End PBXTargetDependency section */

/* Begin PBXVariantGroup section */
		7B24D7AC1A1AD1E0001F2236 /* Main.storyboard */ = {
			isa = PBXVariantGroup;
			children = (
				7B24D7AD1A1AD1E0001F2236 /* Base */,
			);
			name = Main.storyboard;
			path = Phojo;
			sourceTree = "<group>";
		};
		7B24D7B11A1AD1E0001F2236 /* LaunchScreen.xib */ = {
			isa = PBXVariantGroup;
			children = (
				7B24D7B21A1AD1E0001F2236 /* Base */,
			);
			name = LaunchScreen.xib;
			sourceTree = "<group>";
		};
/* End PBXVariantGroup section */

/* Begin XCBuildConfiguration section */
		7B24D7C01A1AD1E0001F2236 /* Debug */ = {
			isa = XCBuildConfiguration;
			buildSettings = {
				ALWAYS_SEARCH_USER_PATHS = NO;
				CLANG_CXX_LANGUAGE_STANDARD = "gnu++0x";
				CLANG_CXX_LIBRARY = "libc++";
				CLANG_ENABLE_MODULES = YES;
				CLANG_ENABLE_OBJC_ARC = YES;
				CLANG_WARN_BOOL_CONVERSION = YES;
				CLANG_WARN_CONSTANT_CONVERSION = YES;
				CLANG_WARN_DIRECT_OBJC_ISA_USAGE = YES_ERROR;
				CLANG_WARN_EMPTY_BODY = YES;
				CLANG_WARN_ENUM_CONVERSION = YES;
				CLANG_WARN_INT_CONVERSION = YES;
				CLANG_WARN_OBJC_ROOT_CLASS = YES_ERROR;
				CLANG_WARN_UNREACHABLE_CODE = YES;
				CLANG_WARN__DUPLICATE_METHOD_MATCH = YES;
				"CODE_SIGN_IDENTITY[sdk=iphoneos*]" = "iPhone Developer";
				COPY_PHASE_STRIP = NO;
				ENABLE_STRICT_OBJC_MSGSEND = YES;
				GCC_C_LANGUAGE_STANDARD = gnu99;
				GCC_DYNAMIC_NO_PIC = NO;
				GCC_OPTIMIZATION_LEVEL = 0;
				GCC_PREPROCESSOR_DEFINITIONS = (
					"DEBUG=1",
					"$(inherited)",
				);
				GCC_SYMBOLS_PRIVATE_EXTERN = NO;
				GCC_WARN_64_TO_32_BIT_CONVERSION = YES;
				GCC_WARN_ABOUT_RETURN_TYPE = YES_ERROR;
				GCC_WARN_UNDECLARED_SELECTOR = YES;
				GCC_WARN_UNINITIALIZED_AUTOS = YES_AGGRESSIVE;
				GCC_WARN_UNUSED_FUNCTION = YES;
				GCC_WARN_UNUSED_VARIABLE = YES;
				IPHONEOS_DEPLOYMENT_TARGET = 8.1;
				MTL_ENABLE_DEBUG_INFO = YES;
				ONLY_ACTIVE_ARCH = YES;
				SDKROOT = iphoneos;
				TARGETED_DEVICE_FAMILY = "1,2";
			};
			name = Debug;
		};
		7B24D7C11A1AD1E0001F2236 /* Release */ = {
			isa = XCBuildConfiguration;
			buildSettings = {
				ALWAYS_SEARCH_USER_PATHS = NO;
				CLANG_CXX_LANGUAGE_STANDARD = "gnu++0x";
				CLANG_CXX_LIBRARY = "libc++";
				CLANG_ENABLE_MODULES = YES;
				CLANG_ENABLE_OBJC_ARC = YES;
				CLANG_WARN_BOOL_CONVERSION = YES;
				CLANG_WARN_CONSTANT_CONVERSION = YES;
				CLANG_WARN_DIRECT_OBJC_ISA_USAGE = YES_ERROR;
				CLANG_WARN_EMPTY_BODY = YES;
				CLANG_WARN_ENUM_CONVERSION = YES;
				CLANG_WARN_INT_CONVERSION = YES;
				CLANG_WARN_OBJC_ROOT_CLASS = YES_ERROR;
				CLANG_WARN_UNREACHABLE_CODE = YES;
				CLANG_WARN__DUPLICATE_METHOD_MATCH = YES;
				"CODE_SIGN_IDENTITY[sdk=iphoneos*]" = "iPhone Developer";
				COPY_PHASE_STRIP = YES;
				ENABLE_NS_ASSERTIONS = NO;
				ENABLE_STRICT_OBJC_MSGSEND = YES;
				GCC_C_LANGUAGE_STANDARD = gnu99;
				GCC_WARN_64_TO_32_BIT_CONVERSION = YES;
				GCC_WARN_ABOUT_RETURN_TYPE = YES_ERROR;
				GCC_WARN_UNDECLARED_SELECTOR = YES;
				GCC_WARN_UNINITIALIZED_AUTOS = YES_AGGRESSIVE;
				GCC_WARN_UNUSED_FUNCTION = YES;
				GCC_WARN_UNUSED_VARIABLE = YES;
				IPHONEOS_DEPLOYMENT_TARGET = 8.1;
				MTL_ENABLE_DEBUG_INFO = NO;
				SDKROOT = iphoneos;
				TARGETED_DEVICE_FAMILY = "1,2";
				VALIDATE_PRODUCT = YES;
			};
			name = Release;
		};
		7B24D7C31A1AD1E0001F2236 /* Debug */ = {
			isa = XCBuildConfiguration;
			buildSettings = {
				ASSETCATALOG_COMPILER_APPICON_NAME = AppIcon;
				FRAMEWORK_SEARCH_PATHS = (
					"$(inherited)",
					"$(PROJECT_DIR)/Phojo",
				);
				INFOPLIST_FILE = Phojo/Info.plist;
				LD_RUNPATH_SEARCH_PATHS = "$(inherited) @executable_path/Frameworks";
				PRODUCT_NAME = "$(TARGET_NAME)";
			};
			name = Debug;
		};
		7B24D7C41A1AD1E0001F2236 /* Release */ = {
			isa = XCBuildConfiguration;
			buildSettings = {
				ASSETCATALOG_COMPILER_APPICON_NAME = AppIcon;
				FRAMEWORK_SEARCH_PATHS = (
					"$(inherited)",
					"$(PROJECT_DIR)/Phojo",
				);
				INFOPLIST_FILE = Phojo/Info.plist;
				LD_RUNPATH_SEARCH_PATHS = "$(inherited) @executable_path/Frameworks";
				PRODUCT_NAME = "$(TARGET_NAME)";
			};
			name = Release;
		};
		7B24D7C61A1AD1E0001F2236 /* Debug */ = {
			isa = XCBuildConfiguration;
			buildSettings = {
				BUNDLE_LOADER = "$(TEST_HOST)";
				FRAMEWORK_SEARCH_PATHS = (
					"$(SDKROOT)/Developer/Library/Frameworks",
					"$(inherited)",
				);
				GCC_PREPROCESSOR_DEFINITIONS = (
					"DEBUG=1",
					"$(inherited)",
				);
				INFOPLIST_FILE = PhojoTests/Info.plist;
				LD_RUNPATH_SEARCH_PATHS = "$(inherited) @executable_path/Frameworks @loader_path/Frameworks";
				PRODUCT_NAME = "$(TARGET_NAME)";
				TEST_HOST = "$(BUILT_PRODUCTS_DIR)/Phojo.app/Phojo";
			};
			name = Debug;
		};
		7B24D7C71A1AD1E0001F2236 /* Release */ = {
			isa = XCBuildConfiguration;
			buildSettings = {
				BUNDLE_LOADER = "$(TEST_HOST)";
				FRAMEWORK_SEARCH_PATHS = (
					"$(SDKROOT)/Developer/Library/Frameworks",
					"$(inherited)",
				);
				INFOPLIST_FILE = PhojoTests/Info.plist;
				LD_RUNPATH_SEARCH_PATHS = "$(inherited) @executable_path/Frameworks @loader_path/Frameworks";
				PRODUCT_NAME = "$(TARGET_NAME)";
				TEST_HOST = "$(BUILT_PRODUCTS_DIR)/Phojo.app/Phojo";
			};
			name = Release;
		};
/* End XCBuildConfiguration section */

/* Begin XCConfigurationList section */
		7B24D7971A1AD1E0001F2236 /* Build configuration list for PBXProject "Phojo" */ = {
			isa = XCConfigurationList;
			buildConfigurations = (
				7B24D7C01A1AD1E0001F2236 /* Debug */,
				7B24D7C11A1AD1E0001F2236 /* Release */,
			);
			defaultConfigurationIsVisible = 0;
			defaultConfigurationName = Release;
		};
		7B24D7C21A1AD1E0001F2236 /* Build configuration list for PBXNativeTarget "Phojo" */ = {
			isa = XCConfigurationList;
			buildConfigurations = (
				7B24D7C31A1AD1E0001F2236 /* Debug */,
				7B24D7C41A1AD1E0001F2236 /* Release */,
			);
			defaultConfigurationIsVisible = 0;
			defaultConfigurationName = Release;
		};
		7B24D7C51A1AD1E0001F2236 /* Build configuration list for PBXNativeTarget "PhojoTests" */ = {
			isa = XCConfigurationList;
			buildConfigurations = (
				7B24D7C61A1AD1E0001F2236 /* Debug */,
				7B24D7C71A1AD1E0001F2236 /* Release */,
			);
			defaultConfigurationIsVisible = 0;
			defaultConfigurationName = Release;
		};
/* End XCConfigurationList section */

/* Begin XCVersionGroup section */
		7B24D7A61A1AD1E0001F2236 /* Phojo.xcdatamodeld */ = {
			isa = XCVersionGroup;
			children = (
				7B24D7A71A1AD1E0001F2236 /* Phojo.xcdatamodel */,
			);
			currentVersion = 7B24D7A71A1AD1E0001F2236 /* Phojo.xcdatamodel */;
			path = Phojo.xcdatamodeld;
			sourceTree = "<group>";
			versionGroupType = wrapper.xcdatamodel;
		};
/* End XCVersionGroup section */
	};
	rootObject = 7B24D7941A1AD1E0001F2236 /* Project object */;
}
